version: 1
checksums:
  f6a73dfb44a8f8222ffa062ac4217ab7:
    tabs/chats: 2c16db9b867815e8624b3f4ca923ae44
    tabs/contacts: d5b6c3f890b3904eaf5754081945c03d
    tabs/profile: d7878693f91303a438852d617f6d35df
    auth/brandTagline: 843fdbcbacba6e50ad692e578fd57a1a
    auth/signInTitle: 3d7c5b589fe3e18a1d2d7e83de7a9cf1
    auth/signInSubtitle: a5b3d20cb34cf4daa47f43064a8637ba
    auth/email: 0ee22bbbe989a0c61a18023407d12dc2
    auth/password: 223a61cf906ab9c40d22612c588dff48
    auth/signIn: ec7b8f314fe9bc6591006707484ede61
    auth/signingIn: 8c7c297eaa8691114c8af70e53bb5fe6
    auth/noAccount: 613efdc05ae6d04b7136d199645c56ac
    auth/createOne: 800eb47aaf313532cc36eafd7a3b53bd
    auth/demoMode: 2a415ece6d61ea8c87ff775ce8116105
    auth/signInFailed: 4e5b4ba947297fe6ee7d89e82e42a0df
    auth/signUpTagline: 32375922d2313e8c77a203fbfaae858f
    auth/signUpTitle: 3c3c9666b2acc1404eaa89e34e17f946
    auth/signUpSubtitle: 87c774f4a956a9b597f15778f0642e3f
    auth/fullName: ba3094a10db2bb9234cb7e0dc86e40fd
    auth/preferredLanguage: 6c599a8b03dcc9cc578bddefb2ab516b
    auth/creating: c949fe6aa47b326f345b405fe9c4d6e7
    auth/createAccount: 3c3c9666b2acc1404eaa89e34e17f946
    auth/hasAccount: 699043a787e26ec2ecad53f52df28d5b
    auth/signUpFailed: efe737d930d4e8964c7a1e66f2b8f321
    chats/hello: bff335b01588a8db802bd193c725ec11
    chats/title: 8c74fe97bb1cac08d5f7dcf11f1ef0b9
    chats/subtitle: 6be032b071b495a1957cede7f39d09f0
    chats/yourLanguage: e4d84e07c6db3cf90de734dd8031c93a
    chats/recentChats: 9c01ebcc627c9d2576bc6bc01858b30b
    chats/newChat: 3d7b701878aca8e2dbb7c6732f7f3bee
    chats/group: a47fdfc53503e72a972bb5625b521b5d
    chats/noMessages: f8bfd85ba23d078a13147ad042db6826
    chats/startChatting: bc6f711acfac9e567f60cb54a8b408df
    chats/noConversations: 7cee46a9d9dcc4c0bd9f52f835540d79
    chats/startConversation: a0ca9e723e41a2477dbf519b8c917748
    chats/unknown: 5cd12b882fe90320f93130c1b50e2e32
    chats/justNow: 80437e94592439e3eb5dc40bc3e316f2
    contacts/title: d5b6c3f890b3904eaf5754081945c03d
    contacts/addNewFriend: c5e37a0743b68d6512a8219900565fb8
    contacts/addContact: b6a9641543c24c5f20bdd305032ba4fc
    contacts/adding: 56cf28d6712bf3f7f73af2a81974ac45
    contacts/createGroup: 31884605db893f12ecfbf9a9d837382e
    contacts/groupNamePlaceholder: 491c32be8bb70ae0d99b1732f4a3e079
    contacts/memberSelected: 94749aa6e515f97131eef42b9b92f33a
    contacts/membersSelected: 754d7e430c1f825ccdc774dcb99948b2
    contacts/clearAll: 854be0c051e4a3491a2cdd9dd8c1b4d5
    contacts/createGroupBtn: 56c5825d4178eef3be367579379d394b
    contacts/creatingGroup: c949fe6aa47b326f345b405fe9c4d6e7
    contacts/yourContacts: a39102575b704b221313c630d86a5853
    contacts/multiSelectHint: fd34763b2b31a3f00d9d5c3ef91b3fc7
    contacts/noContacts: beb230d15e64533a1b2da9b037ed6e46
    contacts/enterEmail: c72523db8779eba8ab427b4046e579dd
    contacts/sendingRequest: 420c1fa0ef6ef0f2ef49c360a95915f9
    contacts/contactAdded: 7e7d5a1f1366b1b34a7ac5bf6aba4867
    contacts/addContactFailed: 4d74531314b2b2498952d113565a5ec6
    contacts/openConversationFailed: 2e4b25d8cb5efb7c2672438eb2f318f8
    contacts/enterGroupName: fe4fff87cbc04c54a744a60ef48bc9e5
    contacts/selectAtLeastOne: 4cde882bf8261f698c83d3feaa5c74c3
    contacts/groupCreated: 8314f51f6b94874fd337975f26efebc6
    contacts/createGroupFailed: 38d0339cc8189f604465d25b9cf97b9e
    profile/title: db0b3225a6a5cb607a711b5f6021891a
    profile/accountInfo: e7f6633ad34ab8baa236f391ed6b5a67
    profile/displayName: 5b5f99a8bf61d1b1c5a0383feb909fae
    profile/enterName: cd95fbdd0533f2c2e8edf9d9bd9aa8df
    profile/preferredLanguage: 6c599a8b03dcc9cc578bddefb2ab516b
    profile/preferredHint: 94e25b6d8f249115691a19ece575cae2
    profile/appPreferences: d21f3bbdc10febbd9ca56afd2d754f52
    profile/notifications: e771f23130f9aab4f3e2e99acacf5d5a
    profile/darkMode: c81aa352f80642b6d57d1d52bcf5c2a2
    profile/saveChanges: d895276cde226e9225eca1e74aa799f4
    profile/saving: 7cb2d8f012d57db8a62187b65ef164dc
    profile/saved: dc24a87d79e378ee848a9f5533190dc8
    profile/saveFailed: 62400b733928e0ff6732defff6a5adb3
    chat/messagePlaceholder: 9d0e4fd409e089527566027cac328ee7
    chat/noAudio: 7400fa78424eb8407827dfc00940d50b
    chat/playbackError: 11530830020a089dd435f96dd8df97b3
    chat/voiceRecordingWebOnly: 3f2b4df80200a3c8acf1eea43672b91a
    chat/voiceApiFailed: 9f6995ebbf41350d0c77f1d727f3ca85
    chat/micPermissionDenied: 7f1b014143a97bf5b3b29233b4c8116a
    chat/recordingFailed: fc8a21362dd409c2520e61b591d7b387
    chat/recordingTooShort: 45392081fd19cab9ae8ded6c7aeb9c62
    chat/failedEncodeAudio: 8e226696e0819fd85839cd20fb9baffc
    chat/failedLoadMessages: 61bcda8e2b1001405ae6aee39e063315
    chat/failedPlayAudio: 7b7d7897082e6880223a55ccc56fbe79
    languages/en: e1eeeb379f86a015d6e581fcbc4af7f3
    languages/hi: 83ef511fe3291eb3eeb7404470003c4b
    languages/ta: 81348d905375a9a27d4c59a9d632b119
    languages/te: 12bc467ed4b324effea19a14917332fd
    languages/kn: 978b7776d89ab3d918a5ed415442ad61
